
Microsoft Visual Studio Solution File, Format Version 12.00
# Visual Studio Version 18
VisualStudioVersion = 18.4.11626.88
MinimumVisualStudioVersion = 10.0.40219.1
Project("{9A19103F-16F7-4668-BE54-9A1E7A4F7556}") = "FC_OnlineReferral", "Reqnroll_OnlineReferral\FC_OnlineReferral.csproj", "{501808A2-AA9B-4693-A7B5-6BE1227B4B00}"
EndProject
Project("{9A19103F-16F7-4668-BE54-9A1E7A4F7556}") = "OnlineReferral_BDD", "ReqnrollProject1\OnlineReferral_BDD.csproj", "{CCF0C91D-24B9-4F96-BB88-FEB11DD2BD91}"
EndProject
Project("{9A19103F-16F7-4668-BE54-9A1E7A4F7556}") = "FraudCapture_BDD", "ReqnrollProject_FraudCapture\FraudCapture_BDD.csproj", "{31046965-BD66-43B8-849A-BEC410514E28}"
EndProject
Project("{2150E333-8FDC-42A3-9474-1A3956D46DE8}") = "Solution Items", "Solution Items", "{788EECFA-24B8-43CE-9379-BAEE5F132114}"
	ProjectSection(SolutionItems) = preProject
		.github\BDDConversion-instructions.md = .github\BDDConversion-instructions.md
		BDD_Generic_Template.md = BDD_Generic_Template.md
		.github\BDD_XPath_BestPractices.agent.md = .github\BDD_XPath_BestPractices.agent.md
	EndProjectSection
EndProject
Global
	GlobalSection(SolutionConfigurationPlatforms) = preSolution
		Debug|Any CPU = Debug|Any CPU
		Release|Any CPU = Release|Any CPU
	EndGlobalSection
	GlobalSection(ProjectConfigurationPlatforms) = postSolution
		{501808A2-AA9B-4693-A7B5-6BE1227B4B00}.Debug|Any CPU.ActiveCfg = Debug|Any CPU
		{501808A2-AA9B-4693-A7B5-6BE1227B4B00}.Debug|Any CPU.Build.0 = Debug|Any CPU
		{501808A2-AA9B-4693-A7B5-6BE1227B4B00}.Release|Any CPU.ActiveCfg = Release|Any CPU
		{501808A2-AA9B-4693-A7B5-6BE1227B4B00}.Release|Any CPU.Build.0 = Release|Any CPU
		{CCF0C91D-24B9-4F96-BB88-FEB11DD2BD91}.Debug|Any CPU.ActiveCfg = Debug|Any CPU
		{CCF0C91D-24B9-4F96-BB88-FEB11DD2BD91}.Debug|Any CPU.Build.0 = Debug|Any CPU
		{CCF0C91D-24B9-4F96-BB88-FEB11DD2BD91}.Release|Any CPU.ActiveCfg = Release|Any CPU
		{CCF0C91D-24B9-4F96-BB88-FEB11DD2BD91}.Release|Any CPU.Build.0 = Release|Any CPU
		{31046965-BD66-43B8-849A-BEC410514E28}.Debug|Any CPU.ActiveCfg = Debug|Any CPU
		{31046965-BD66-43B8-849A-BEC410514E28}.Debug|Any CPU.Build.0 = Debug|Any CPU
		{31046965-BD66-43B8-849A-BEC410514E28}.Release|Any CPU.ActiveCfg = Release|Any CPU
		{31046965-BD66-43B8-849A-BEC410514E28}.Release|Any CPU.Build.0 = Release|Any CPU
	EndGlobalSection
	GlobalSection(SolutionProperties) = preSolution
		HideSolutionNode = FALSE
	EndGlobalSection
	GlobalSection(ExtensibilityGlobals) = postSolution
		SolutionGuid = {0610D425-0776-44E8-9634-04A0885013EE}
	EndGlobalSection
EndGlobal
